
Microsoft Visual Studio Solution File, Format Version 11.00
# Visual Studio 2010
Project("{FAE04EC0-301F-11D3-BF4B-00C04F79EFBC}") = "SlideDownMenu", "SlideDownMenu\SlideDownMenu.csproj", "{EDE88F03-1F3A-44FE-8E5B-69F1443F8955}"
EndProject
Project("{FAE04EC0-301F-11D3-BF4B-00C04F79EFBC}") = "SlideDownMenu.Sample", "SlideDownMenu.Sample\SlideDownMenu.Sample.csproj", "{88348FB2-DCF2-4125-BDAF-F4E5DDCBCC24}"
EndProject
Global
	GlobalSection(SolutionConfigurationPlatforms) = preSolution
		Debug|iPhoneSimulator = Debug|iPhoneSimulator
		Release|iPhoneSimulator = Release|iPhoneSimulator
		Debug|iPhone = Debug|iPhone
		Release|iPhone = Release|iPhone
		Ad-Hoc|iPhone = Ad-Hoc|iPhone
		AppStore|iPhone = AppStore|iPhone
	EndGlobalSection
	GlobalSection(ProjectConfigurationPlatforms) = postSolution
		{88348FB2-DCF2-4125-BDAF-F4E5DDCBCC24}.Ad-Hoc|iPhone.ActiveCfg = Ad-Hoc|iPhone
		{88348FB2-DCF2-4125-BDAF-F4E5DDCBCC24}.Ad-Hoc|iPhone.Build.0 = Ad-Hoc|iPhone
		{88348FB2-DCF2-4125-BDAF-F4E5DDCBCC24}.AppStore|iPhone.ActiveCfg = AppStore|iPhone
		{88348FB2-DCF2-4125-BDAF-F4E5DDCBCC24}.AppStore|iPhone.Build.0 = AppStore|iPhone
		{88348FB2-DCF2-4125-BDAF-F4E5DDCBCC24}.Debug|iPhone.ActiveCfg = Debug|iPhone
		{88348FB2-DCF2-4125-BDAF-F4E5DDCBCC24}.Debug|iPhone.Build.0 = Debug|iPhone
		{88348FB2-DCF2-4125-BDAF-F4E5DDCBCC24}.Debug|iPhoneSimulator.ActiveCfg = Debug|iPhoneSimulator
		{88348FB2-DCF2-4125-BDAF-F4E5DDCBCC24}.Debug|iPhoneSimulator.Build.0 = Debug|iPhoneSimulator
		{88348FB2-DCF2-4125-BDAF-F4E5DDCBCC24}.Release|iPhone.ActiveCfg = Release|iPhone
		{88348FB2-DCF2-4125-BDAF-F4E5DDCBCC24}.Release|iPhone.Build.0 = Release|iPhone
		{88348FB2-DCF2-4125-BDAF-F4E5DDCBCC24}.Release|iPhoneSimulator.ActiveCfg = Release|iPhoneSimulator
		{88348FB2-DCF2-4125-BDAF-F4E5DDCBCC24}.Release|iPhoneSimulator.Build.0 = Release|iPhoneSimulator
		{EDE88F03-1F3A-44FE-8E5B-69F1443F8955}.Ad-Hoc|iPhone.ActiveCfg = Debug|Any CPU
		{EDE88F03-1F3A-44FE-8E5B-69F1443F8955}.Ad-Hoc|iPhone.Build.0 = Debug|Any CPU
		{EDE88F03-1F3A-44FE-8E5B-69F1443F8955}.AppStore|iPhone.ActiveCfg = Debug|Any CPU
		{EDE88F03-1F3A-44FE-8E5B-69F1443F8955}.AppStore|iPhone.Build.0 = Debug|Any CPU
		{EDE88F03-1F3A-44FE-8E5B-69F1443F8955}.Debug|iPhone.ActiveCfg = Debug|Any CPU
		{EDE88F03-1F3A-44FE-8E5B-69F1443F8955}.Debug|iPhone.Build.0 = Debug|Any CPU
		{EDE88F03-1F3A-44FE-8E5B-69F1443F8955}.Debug|iPhoneSimulator.ActiveCfg = Debug|Any CPU
		{EDE88F03-1F3A-44FE-8E5B-69F1443F8955}.Debug|iPhoneSimulator.Build.0 = Debug|Any CPU
		{EDE88F03-1F3A-44FE-8E5B-69F1443F8955}.Release|iPhone.ActiveCfg = Release|Any CPU
		{EDE88F03-1F3A-44FE-8E5B-69F1443F8955}.Release|iPhone.Build.0 = Release|Any CPU
		{EDE88F03-1F3A-44FE-8E5B-69F1443F8955}.Release|iPhoneSimulator.ActiveCfg = Release|Any CPU
		{EDE88F03-1F3A-44FE-8E5B-69F1443F8955}.Release|iPhoneSimulator.Build.0 = Release|Any CPU
	EndGlobalSection
	GlobalSection(MonoDevelopProperties) = preSolution
		StartupItem = SlideDownMenu.Sample\SlideDownMenu.Sample.csproj
	EndGlobalSection
EndGlobal
